
Microsoft Visual Studio Solution File, Format Version 12.00
# Visual Studio Version 17
VisualStudioVersion = 17.14.36908.2 d17.14
MinimumVisualStudioVersion = 10.0.40219.1
Project("{FAE04EC0-301F-11D3-BF4B-00C04F79EFBC}") = "CifraShop", "CifraShop\CifraShop.csproj", "{D7725CF3-2CC2-4B53-843A-CE40AA2DD997}"
EndProject
Project("{FAE04EC0-301F-11D3-BF4B-00C04F79EFBC}") = "CifraShop.Client", "CifraShop.Client\CifraShop.Client.csproj", "{C90C90F9-C13F-45F8-8639-B1833B3A2B15}"
EndProject
Global
	GlobalSection(SolutionConfigurationPlatforms) = preSolution
		Debug|Any CPU = Debug|Any CPU
		Release|Any CPU = Release|Any CPU
	EndGlobalSection
	GlobalSection(ProjectConfigurationPlatforms) = postSolution
		{D7725CF3-2CC2-4B53-843A-CE40AA2DD997}.Debug|Any CPU.ActiveCfg = Debug|Any CPU
		{D7725CF3-2CC2-4B53-843A-CE40AA2DD997}.Debug|Any CPU.Build.0 = Debug|Any CPU
		{D7725CF3-2CC2-4B53-843A-CE40AA2DD997}.Release|Any CPU.ActiveCfg = Release|Any CPU
		{D7725CF3-2CC2-4B53-843A-CE40AA2DD997}.Release|Any CPU.Build.0 = Release|Any CPU
		{C90C90F9-C13F-45F8-8639-B1833B3A2B15}.Debug|Any CPU.ActiveCfg = Debug|Any CPU
		{C90C90F9-C13F-45F8-8639-B1833B3A2B15}.Debug|Any CPU.Build.0 = Debug|Any CPU
		{C90C90F9-C13F-45F8-8639-B1833B3A2B15}.Release|Any CPU.ActiveCfg = Release|Any CPU
		{C90C90F9-C13F-45F8-8639-B1833B3A2B15}.Release|Any CPU.Build.0 = Release|Any CPU
	EndGlobalSection
	GlobalSection(SolutionProperties) = preSolution
		HideSolutionNode = FALSE
	EndGlobalSection
	GlobalSection(ExtensibilityGlobals) = postSolution
		SolutionGuid = {D19CECB9-F4B4-43A5-A5D8-197D0A11C97A}
	EndGlobalSection
EndGlobal
